
Microsoft Visual Studio Solution File, Format Version 12.00
# Visual Studio 15
Project("{FAE04EC0-301F-11D3-BF4B-00C04F79EFBC}") = "Assembly-CSharp", "Assembly-CSharp.csproj", "{E56CA4E8-E94F-72B0-28CF-C41087EC5FF8}"
EndProject
Project("{FAE04EC0-301F-11D3-BF4B-00C04F79EFBC}") = "Oculus.VR", "Oculus.VR.csproj", "{AB12CDA3-2E26-5410-4D6D-8E7689A400F5}"
EndProject
Project("{FAE04EC0-301F-11D3-BF4B-00C04F79EFBC}") = "Assembly-CSharp-Editor", "Assembly-CSharp-Editor.csproj", "{585C3EC1-24FC-061A-B4B7-98C54F00E12A}"
EndProject
Project("{FAE04EC0-301F-11D3-BF4B-00C04F79EFBC}") = "Oculus.VR.Scripts.Editor", "Oculus.VR.Scripts.Editor.csproj", "{5BBD7B60-94C2-F2B8-2CD4-19F2807ED35B}"
EndProject
Project("{FAE04EC0-301F-11D3-BF4B-00C04F79EFBC}") = "Oculus.VR.Editor", "Oculus.VR.Editor.csproj", "{E145E978-A906-FE17-1B4A-81800C0F4573}"
EndProject
Global
	GlobalSection(SolutionConfigurationPlatforms) = preSolution
		Debug|Any CPU = Debug|Any CPU
		Release|Any CPU = Release|Any CPU
	EndGlobalSection
	GlobalSection(ProjectConfigurationPlatforms) = postSolution
		{E56CA4E8-E94F-72B0-28CF-C41087EC5FF8}.Debug|Any CPU.ActiveCfg = Debug|Any CPU
		{E56CA4E8-E94F-72B0-28CF-C41087EC5FF8}.Debug|Any CPU.Build.0 = Debug|Any CPU
		{E56CA4E8-E94F-72B0-28CF-C41087EC5FF8}.Release|Any CPU.ActiveCfg = Release|Any CPU
		{E56CA4E8-E94F-72B0-28CF-C41087EC5FF8}.Release|Any CPU.Build.0 = Release|Any CPU
		{AB12CDA3-2E26-5410-4D6D-8E7689A400F5}.Debug|Any CPU.ActiveCfg = Debug|Any CPU
		{AB12CDA3-2E26-5410-4D6D-8E7689A400F5}.Debug|Any CPU.Build.0 = Debug|Any CPU
		{AB12CDA3-2E26-5410-4D6D-8E7689A400F5}.Release|Any CPU.ActiveCfg = Release|Any CPU
		{AB12CDA3-2E26-5410-4D6D-8E7689A400F5}.Release|Any CPU.Build.0 = Release|Any CPU
		{585C3EC1-24FC-061A-B4B7-98C54F00E12A}.Debug|Any CPU.ActiveCfg = Debug|Any CPU
		{585C3EC1-24FC-061A-B4B7-98C54F00E12A}.Debug|Any CPU.Build.0 = Debug|Any CPU
		{585C3EC1-24FC-061A-B4B7-98C54F00E12A}.Release|Any CPU.ActiveCfg = Release|Any CPU
		{585C3EC1-24FC-061A-B4B7-98C54F00E12A}.Release|Any CPU.Build.0 = Release|Any CPU
		{5BBD7B60-94C2-F2B8-2CD4-19F2807ED35B}.Debug|Any CPU.ActiveCfg = Debug|Any CPU
		{5BBD7B60-94C2-F2B8-2CD4-19F2807ED35B}.Debug|Any CPU.Build.0 = Debug|Any CPU
		{5BBD7B60-94C2-F2B8-2CD4-19F2807ED35B}.Release|Any CPU.ActiveCfg = Release|Any CPU
		{5BBD7B60-94C2-F2B8-2CD4-19F2807ED35B}.Release|Any CPU.Build.0 = Release|Any CPU
		{E145E978-A906-FE17-1B4A-81800C0F4573}.Debug|Any CPU.ActiveCfg = Debug|Any CPU
		{E145E978-A906-FE17-1B4A-81800C0F4573}.Debug|Any CPU.Build.0 = Debug|Any CPU
		{E145E978-A906-FE17-1B4A-81800C0F4573}.Release|Any CPU.ActiveCfg = Release|Any CPU
		{E145E978-A906-FE17-1B4A-81800C0F4573}.Release|Any CPU.Build.0 = Release|Any CPU
	EndGlobalSection
	GlobalSection(SolutionProperties) = preSolution
		HideSolutionNode = FALSE
	EndGlobalSection
EndGlobal
